{
  "requires": true,
  "lockfileVersion": 1,
  "dependencies": {
    "highlight.js": {
      "version": "9.12.0",
      "resolved": "https://registry.npmjs.org/highlight.js/-/highlight.js-9.12.0.tgz",
      "integrity": "sha1-5tnb5Xy+/mB1HwKvM2GVhwyQwB4="
    },
    "vue-highlightjs": {
      "version": "1.3.3",
      "resolved": "https://registry.npmjs.org/vue-highlightjs/-/vue-highlightjs-1.3.3.tgz",
      "integrity": "sha1-KaDVcTL8HOFc+mHolpGPW3GMXVI=",
      "requires": {
        "highlight.js": "9.12.0"
      }
    },
    "vue-number-input-spinner": {
      "version": "2.0.5",
      "resolved": "https://registry.npmjs.org/vue-number-input-spinner/-/vue-number-input-spinner-2.0.5.tgz",
      "integrity": "sha512-NcWYOnY7RiyC4jUaRSVO49vcNffjTem9bwmEyowuztnYVuQ/zISVAo68mL0ORS1mLG9+Ay5VMG45WdYHUVYMBw==",
      "requires": {
        "vue-highlightjs": "1.3.3"
      }
    }
  }
}
